// !$*UTF8*$!
{
	archiveVersion = 1;
	classes = {
	};
	objectVersion = 56;
	objects = {

/* Begin PBXBuildFile section */
		592F398729C9D82C00EE46F7 /* ListNamesViewController.swift in Sources */ = {isa = PBXBuildFile; fileRef = 592F398629C9D82C00EE46F7 /* ListNamesViewController.swift */; };
		595ADFB229BB6E5700651A69 /* AppDelegate.swift in Sources */ = {isa = PBXBuildFile; fileRef = 595ADFB129BB6E5700651A69 /* AppDelegate.swift */; };
		595ADFB429BB6E5700651A69 /* SceneDelegate.swift in Sources */ = {isa = PBXBuildFile; fileRef = 595ADFB329BB6E5700651A69 /* SceneDelegate.swift */; };
		595ADFB629BB6E5700651A69 /* HomeViewController.swift in Sources */ = {isa = PBXBuildFile; fileRef = 595ADFB529BB6E5700651A69 /* HomeViewController.swift */; };
		595ADFBB29BB6E5A00651A69 /* Assets.xcassets in Resources */ = {isa = PBXBuildFile; fileRef = 595ADFBA29BB6E5A00651A69 /* Assets.xcassets */; };
		595ADFBE29BB6E5A00651A69 /* LaunchScreen.storyboard in Resources */ = {isa = PBXBuildFile; fileRef = 595ADFBC29BB6E5A00651A69 /* LaunchScreen.storyboard */; };
		595ADFC929BB6E5A00651A69 /* ti6Tests.swift in Sources */ = {isa = PBXBuildFile; fileRef = 595ADFC829BB6E5A00651A69 /* ti6Tests.swift */; };
		595ADFD329BB6E5A00651A69 /* ti6UITests.swift in Sources */ = {isa = PBXBuildFile; fileRef = 595ADFD229BB6E5A00651A69 /* ti6UITests.swift */; };
		595ADFD529BB6E5A00651A69 /* ti6UITestsLaunchTests.swift in Sources */ = {isa = PBXBuildFile; fileRef = 595ADFD429BB6E5A00651A69 /* ti6UITestsLaunchTests.swift */; };
		595ADFE429BB71A800651A69 /* HomeView.swift in Sources */ = {isa = PBXBuildFile; fileRef = 595ADFE329BB71A800651A69 /* HomeView.swift */; };
		595ADFE629BB7EB400651A69 /* HomeTableViewCell.swift in Sources */ = {isa = PBXBuildFile; fileRef = 595ADFE529BB7EB400651A69 /* HomeTableViewCell.swift */; };
		597585AE29C0B33C0049C633 /* DiagnosticView.swift in Sources */ = {isa = PBXBuildFile; fileRef = 597585AD29C0B33C0049C633 /* DiagnosticView.swift */; };
		597E22AF2A118D76003106E4 /* UploadPhotoViewController.swift in Sources */ = {isa = PBXBuildFile; fileRef = 597E22AE2A118D76003106E4 /* UploadPhotoViewController.swift */; };
		59A39C9E29BF625E00B7D6A8 /* DiagnosticViewController.swift in Sources */ = {isa = PBXBuildFile; fileRef = 59A39C9D29BF625E00B7D6A8 /* DiagnosticViewController.swift */; };
		59A39CA029BF62BB00B7D6A8 /* ViewController.swift in Sources */ = {isa = PBXBuildFile; fileRef = 59A39C9F29BF62BB00B7D6A8 /* ViewController.swift */; };
		59CA57CC29C38E4A005D83AD /* Presenter.swift in Sources */ = {isa = PBXBuildFile; fileRef = 59CA57CB29C38E4A005D83AD /* Presenter.swift */; };
		59CA57CE29C38EAA005D83AD /* User.swift in Sources */ = {isa = PBXBuildFile; fileRef = 59CA57CD29C38EAA005D83AD /* User.swift */; };
/* End PBXBuildFile section */

/* Begin PBXContainerItemProxy section */
		595ADFC529BB6E5A00651A69 /* PBXContainerItemProxy */ = {
			isa = PBXContainerItemProxy;
			containerPortal = 595ADFA629BB6E5700651A69 /* Project object */;
			proxyType = 1;
			remoteGlobalIDString = 595ADFAD29BB6E5700651A69;
			remoteInfo = ti6;
		};
		595ADFCF29BB6E5A00651A69 /* PBXContainerItemProxy */ = {
			isa = PBXContainerItemProxy;
			containerPortal = 595ADFA629BB6E5700651A69 /* Project object */;
			proxyType = 1;
			remoteGlobalIDString = 595ADFAD29BB6E5700651A69;
			remoteInfo = ti6;
		};
/* End PBXContainerItemProxy section */

/* Begin PBXFileReference section */
		592F398629C9D82C00EE46F7 /* ListNamesViewController.swift */ = {isa = PBXFileReference; lastKnownFileType = sourcecode.swift; path = ListNamesViewController.swift; sourceTree = "<group>"; };
		595ADFAE29BB6E5700651A69 /* ti6.app */ = {isa = PBXFileReference; explicitFileType = wrapper.application; includeInIndex = 0; path = ti6.app; sourceTree = BUILT_PRODUCTS_DIR; };
		595ADFB129BB6E5700651A69 /* AppDelegate.swift */ = {isa = PBXFileReference; lastKnownFileType = sourcecode.swift; path = AppDelegate.swift; sourceTree = "<group>"; };
		595ADFB329BB6E5700651A69 /* SceneDelegate.swift */ = {isa = PBXFileReference; lastKnownFileType = sourcecode.swift; path = SceneDelegate.swift; sourceTree = "<group>"; };
		595ADFB529BB6E5700651A69 /* HomeViewController.swift */ = {isa = PBXFileReference; lastKnownFileType = sourcecode.swift; path = HomeViewController.swift; sourceTree = "<group>"; };
		595ADFBA29BB6E5A00651A69 /* Assets.xcassets */ = {isa = PBXFileReference; lastKnownFileType = folder.assetcatalog; path = Assets.xcassets; sourceTree = "<group>"; };
		595ADFBD29BB6E5A00651A69 /* Base */ = {isa = PBXFileReference; lastKnownFileType = file.storyboard; name = Base; path = Base.lproj/LaunchScreen.storyboard; sourceTree = "<group>"; };
		595ADFBF29BB6E5A00651A69 /* Info.plist */ = {isa = PBXFileReference; lastKnownFileType = text.plist.xml; path = Info.plist; sourceTree = "<group>"; };
		595ADFC429BB6E5A00651A69 /* ti6Tests.xctest */ = {isa = PBXFileReference; explicitFileType = wrapper.cfbundle; includeInIndex = 0; path = ti6Tests.xctest; sourceTree = BUILT_PRODUCTS_DIR; };
		595ADFC829BB6E5A00651A69 /* ti6Tests.swift */ = {isa = PBXFileReference; lastKnownFileType = sourcecode.swift; path = ti6Tests.swift; sourceTree = "<group>"; };
		595ADFCE29BB6E5A00651A69 /* ti6UITests.xctest */ = {isa = PBXFileReference; explicitFileType = wrapper.cfbundle; includeInIndex = 0; path = ti6UITests.xctest; sourceTree = BUILT_PRODUCTS_DIR; };
		595ADFD229BB6E5A00651A69 /* ti6UITests.swift */ = {isa = PBXFileReference; lastKnownFileType = sourcecode.swift; path = ti6UITests.swift; sourceTree = "<group>"; };
		595ADFD429BB6E5A00651A69 /* ti6UITestsLaunchTests.swift */ = {isa = PBXFileReference; lastKnownFileType = sourcecode.swift; path = ti6UITestsLaunchTests.swift; sourceTree = "<group>"; };
		595ADFE329BB71A800651A69 /* HomeView.swift */ = {isa = PBXFileReference; lastKnownFileType = sourcecode.swift; path = HomeView.swift; sourceTree = "<group>"; };
		595ADFE529BB7EB400651A69 /* HomeTableViewCell.swift */ = {isa = PBXFileReference; lastKnownFileType = sourcecode.swift; path = HomeTableViewCell.swift; sourceTree = "<group>"; };
		597585AD29C0B33C0049C633 /* DiagnosticView.swift */ = {isa = PBXFileReference; lastKnownFileType = sourcecode.swift; path = DiagnosticView.swift; sourceTree = "<group>"; };
		597E22AE2A118D76003106E4 /* UploadPhotoViewController.swift */ = {isa = PBXFileReference; lastKnownFileType = sourcecode.swift; path = UploadPhotoViewController.swift; sourceTree = "<group>"; };
		59A39C9D29BF625E00B7D6A8 /* DiagnosticViewController.swift */ = {isa = PBXFileReference; lastKnownFileType = sourcecode.swift; path = DiagnosticViewController.swift; sourceTree = "<group>"; };
		59A39C9F29BF62BB00B7D6A8 /* ViewController.swift */ = {isa = PBXFileReference; lastKnownFileType = sourcecode.swift; path = ViewController.swift; sourceTree = "<group>"; };
		59CA57CB29C38E4A005D83AD /* Presenter.swift */ = {isa = PBXFileReference; lastKnownFileType = sourcecode.swift; path = Presenter.swift; sourceTree = "<group>"; };
		59CA57CD29C38EAA005D83AD /* User.swift */ = {isa = PBXFileReference; lastKnownFileType = sourcecode.swift; path = User.swift; sourceTree = "<group>"; };
/* End PBXFileReference section */

/* Begin PBXFrameworksBuildPhase section */
		595ADFAB29BB6E5700651A69 /* Frameworks */ = {
			isa = PBXFrameworksBuildPhase;
			buildActionMask = 2147483647;
			files = (
			);
			runOnlyForDeploymentPostprocessing = 0;
		};
		595ADFC129BB6E5A00651A69 /* Frameworks */ = {
			isa = PBXFrameworksBuildPhase;
			buildActionMask = 2147483647;
			files = (
			);
			runOnlyForDeploymentPostprocessing = 0;
		};
		595ADFCB29BB6E5A00651A69 /* Frameworks */ = {
			isa = PBXFrameworksBuildPhase;
			buildActionMask = 2147483647;
			files = (
			);
			runOnlyForDeploymentPostprocessing = 0;
		};
/* End PBXFrameworksBuildPhase section */

/* Begin PBXGroup section */
		592F398529C9D80900EE46F7 /* PaecListNames */ = {
			isa = PBXGroup;
			children = (
				592F398629C9D82C00EE46F7 /* ListNamesViewController.swift */,
			);
			path = PaecListNames;
			sourceTree = "<group>";
		};
		595ADFA529BB6E5700651A69 = {
			isa = PBXGroup;
			children = (
				595ADFB029BB6E5700651A69 /* ti6 */,
				595ADFC729BB6E5A00651A69 /* ti6Tests */,
				595ADFD129BB6E5A00651A69 /* ti6UITests */,
				595ADFAF29BB6E5700651A69 /* Products */,
			);
			sourceTree = "<group>";
		};
		595ADFAF29BB6E5700651A69 /* Products */ = {
			isa = PBXGroup;
			children = (
				595ADFAE29BB6E5700651A69 /* ti6.app */,
				595ADFC429BB6E5A00651A69 /* ti6Tests.xctest */,
				595ADFCE29BB6E5A00651A69 /* ti6UITests.xctest */,
			);
			name = Products;
			sourceTree = "<group>";
		};
		595ADFB029BB6E5700651A69 /* ti6 */ = {
			isa = PBXGroup;
			children = (
				59CA57CA29C35858005D83AD /* Model */,
				59CA57C929C3584F005D83AD /* Views */,
				59CA57C829C35846005D83AD /* Presenter */,
				59A39C9C29BF622C00B7D6A8 /* Images */,
				595ADFB129BB6E5700651A69 /* AppDelegate.swift */,
				595ADFB329BB6E5700651A69 /* SceneDelegate.swift */,
				59A39C9F29BF62BB00B7D6A8 /* ViewController.swift */,
				595ADFBC29BB6E5A00651A69 /* LaunchScreen.storyboard */,
				595ADFBF29BB6E5A00651A69 /* Info.plist */,
			);
			path = ti6;
			sourceTree = "<group>";
		};
		595ADFC729BB6E5A00651A69 /* ti6Tests */ = {
			isa = PBXGroup;
			children = (
				595ADFC829BB6E5A00651A69 /* ti6Tests.swift */,
			);
			path = ti6Tests;
			sourceTree = "<group>";
		};
		595ADFD129BB6E5A00651A69 /* ti6UITests */ = {
			isa = PBXGroup;
			children = (
				595ADFD229BB6E5A00651A69 /* ti6UITests.swift */,
				595ADFD429BB6E5A00651A69 /* ti6UITestsLaunchTests.swift */,
			);
			path = ti6UITests;
			sourceTree = "<group>";
		};
		597E22AD2A118D5F003106E4 /* UploadPhoto */ = {
			isa = PBXGroup;
			children = (
				597E22AE2A118D76003106E4 /* UploadPhotoViewController.swift */,
			);
			path = UploadPhoto;
			sourceTree = "<group>";
		};
		59A39C9A29BF618800B7D6A8 /* PaecHome */ = {
			isa = PBXGroup;
			children = (
				595ADFB529BB6E5700651A69 /* HomeViewController.swift */,
				595ADFE329BB71A800651A69 /* HomeView.swift */,
				595ADFE529BB7EB400651A69 /* HomeTableViewCell.swift */,
			);
			path = PaecHome;
			sourceTree = "<group>";
		};
		59A39C9B29BF619000B7D6A8 /* PaecDiagnostic */ = {
			isa = PBXGroup;
			children = (
				59A39C9D29BF625E00B7D6A8 /* DiagnosticViewController.swift */,
				597585AD29C0B33C0049C633 /* DiagnosticView.swift */,
			);
			path = PaecDiagnostic;
			sourceTree = "<group>";
		};
		59A39C9C29BF622C00B7D6A8 /* Images */ = {
			isa = PBXGroup;
			children = (
				595ADFBA29BB6E5A00651A69 /* Assets.xcassets */,
			);
			path = Images;
			sourceTree = "<group>";
		};
		59CA57C829C35846005D83AD /* Presenter */ = {
			isa = PBXGroup;
			children = (
				59CA57CB29C38E4A005D83AD /* Presenter.swift */,
			);
			path = Presenter;
			sourceTree = "<group>";
		};
		59CA57C929C3584F005D83AD /* Views */ = {
			isa = PBXGroup;
			children = (
				597E22AD2A118D5F003106E4 /* UploadPhoto */,
				592F398529C9D80900EE46F7 /* PaecListNames */,
				59A39C9A29BF618800B7D6A8 /* PaecHome */,
				59A39C9B29BF619000B7D6A8 /* PaecDiagnostic */,
			);
			path = Views;
			sourceTree = "<group>";
		};
		59CA57CA29C35858005D83AD /* Model */ = {
			isa = PBXGroup;
			children = (
				59CA57CD29C38EAA005D83AD /* User.swift */,
			);
			path = Model;
			sourceTree = "<group>";
		};
/* End PBXGroup section */

/* Begin PBXNativeTarget section */
		595ADFAD29BB6E5700651A69 /* ti6 */ = {
			isa = PBXNativeTarget;
			buildConfigurationList = 595ADFD829BB6E5A00651A69 /* Build configuration list for PBXNativeTarget "ti6" */;
			buildPhases = (
				595ADFAA29BB6E5700651A69 /* Sources */,
				595ADFAB29BB6E5700651A69 /* Frameworks */,
				595ADFAC29BB6E5700651A69 /* Resources */,
			);
			buildRules = (
			);
			dependencies = (
			);
			name = ti6;
			productName = ti6;
			productReference = 595ADFAE29BB6E5700651A69 /* ti6.app */;
			productType = "com.apple.product-type.application";
		};
		595ADFC329BB6E5A00651A69 /* ti6Tests */ = {
			isa = PBXNativeTarget;
			buildConfigurationList = 595ADFDB29BB6E5A00651A69 /* Build configuration list for PBXNativeTarget "ti6Tests" */;
			buildPhases = (
				595ADFC029BB6E5A00651A69 /* Sources */,
				595ADFC129BB6E5A00651A69 /* Frameworks */,
				595ADFC229BB6E5A00651A69 /* Resources */,
			);
			buildRules = (
			);
			dependencies = (
				595ADFC629BB6E5A00651A69 /* PBXTargetDependency */,
			);
			name = ti6Tests;
			productName = ti6Tests;
			productReference = 595ADFC429BB6E5A00651A69 /* ti6Tests.xctest */;
			productType = "com.apple.product-type.bundle.unit-test";
		};
		595ADFCD29BB6E5A00651A69 /* ti6UITests */ = {
			isa = PBXNativeTarget;
			buildConfigurationList = 595ADFDE29BB6E5A00651A69 /* Build configuration list for PBXNativeTarget "ti6UITests" */;
			buildPhases = (
				595ADFCA29BB6E5A00651A69 /* Sources */,
				595ADFCB29BB6E5A00651A69 /* Frameworks */,
				595ADFCC29BB6E5A00651A69 /* Resources */,
			);
			buildRules = (
			);
			dependencies = (
				595ADFD029BB6E5A00651A69 /* PBXTargetDependency */,
			);
			name = ti6UITests;
			productName = ti6UITests;
			productReference = 595ADFCE29BB6E5A00651A69 /* ti6UITests.xctest */;
			productType = "com.apple.product-type.bundle.ui-testing";
		};
/* End PBXNativeTarget section */

/* Begin PBXProject section */
		595ADFA629BB6E5700651A69 /* Project object */ = {
			isa = PBXProject;
			attributes = {
				BuildIndependentTargetsInParallel = 1;
				LastSwiftUpdateCheck = 1400;
				LastUpgradeCheck = 1400;
				TargetAttributes = {
					595ADFAD29BB6E5700651A69 = {
						CreatedOnToolsVersion = 14.0.1;
					};
					595ADFC329BB6E5A00651A69 = {
						CreatedOnToolsVersion = 14.0.1;
						TestTargetID = 595ADFAD29BB6E5700651A69;
					};
					595ADFCD29BB6E5A00651A69 = {
						CreatedOnToolsVersion = 14.0.1;
						TestTargetID = 595ADFAD29BB6E5700651A69;
					};
				};
			};
			buildConfigurationList = 595ADFA929BB6E5700651A69 /* Build configuration list for PBXProject "ti6" */;
			compatibilityVersion = "Xcode 14.0";
			developmentRegion = en;
			hasScannedForEncodings = 0;
			knownRegions = (
				en,
				Base,
			);
			mainGroup = 595ADFA529BB6E5700651A69;
			productRefGroup = 595ADFAF29BB6E5700651A69 /* Products */;
			projectDirPath = "";
			projectRoot = "";
			targets = (
				595ADFAD29BB6E5700651A69 /* ti6 */,
				595ADFC329BB6E5A00651A69 /* ti6Tests */,
				595ADFCD29BB6E5A00651A69 /* ti6UITests */,
			);
		};
/* End PBXProject section */

/* Begin PBXResourcesBuildPhase section */
		595ADFAC29BB6E5700651A69 /* Resources */ = {
			isa = PBXResourcesBuildPhase;
			buildActionMask = 2147483647;
			files = (
				595ADFBE29BB6E5A00651A69 /* LaunchScreen.storyboard in Resources */,
				595ADFBB29BB6E5A00651A69 /* Assets.xcassets in Resources */,
			);
			runOnlyForDeploymentPostprocessing = 0;
		};
		595ADFC229BB6E5A00651A69 /* Resources */ = {
			isa = PBXResourcesBuildPhase;
			buildActionMask = 2147483647;
			files = (
			);
			runOnlyForDeploymentPostprocessing = 0;
		};
		595ADFCC29BB6E5A00651A69 /* Resources */ = {
			isa = PBXResourcesBuildPhase;
			buildActionMask = 2147483647;
			files = (
			);
			runOnlyForDeploymentPostprocessing = 0;
		};
/* End PBXResourcesBuildPhase section */

/* Begin PBXSourcesBuildPhase section */
		595ADFAA29BB6E5700651A69 /* Sources */ = {
			isa = PBXSourcesBuildPhase;
			buildActionMask = 2147483647;
			files = (
				592F398729C9D82C00EE46F7 /* ListNamesViewController.swift in Sources */,
				59CA57CC29C38E4A005D83AD /* Presenter.swift in Sources */,
				595ADFB629BB6E5700651A69 /* HomeViewController.swift in Sources */,
				597E22AF2A118D76003106E4 /* UploadPhotoViewController.swift in Sources */,
				595ADFE629BB7EB400651A69 /* HomeTableViewCell.swift in Sources */,
				595ADFE429BB71A800651A69 /* HomeView.swift in Sources */,
				595ADFB229BB6E5700651A69 /* AppDelegate.swift in Sources */,
				59A39CA029BF62BB00B7D6A8 /* ViewController.swift in Sources */,
				595ADFB429BB6E5700651A69 /* SceneDelegate.swift in Sources */,
				59A39C9E29BF625E00B7D6A8 /* DiagnosticViewController.swift in Sources */,
				59CA57CE29C38EAA005D83AD /* User.swift in Sources */,
				597585AE29C0B33C0049C633 /* DiagnosticView.swift in Sources */,
			);
			runOnlyForDeploymentPostprocessing = 0;
		};
		595ADFC029BB6E5A00651A69 /* Sources */ = {
			isa = PBXSourcesBuildPhase;
			buildActionMask = 2147483647;
			files = (
				595ADFC929BB6E5A00651A69 /* ti6Tests.swift in Sources */,
			);
			runOnlyForDeploymentPostprocessing = 0;
		};
		595ADFCA29BB6E5A00651A69 /* Sources */ = {
			isa = PBXSourcesBuildPhase;
			buildActionMask = 2147483647;
			files = (
				595ADFD529BB6E5A00651A69 /* ti6UITestsLaunchTests.swift in Sources */,
				595ADFD329BB6E5A00651A69 /* ti6UITests.swift in Sources */,
			);
			runOnlyForDeploymentPostprocessing = 0;
		};
/* End PBXSourcesBuildPhase section */

/* Begin PBXTargetDependency section */
		595ADFC629BB6E5A00651A69 /* PBXTargetDependency */ = {
			isa = PBXTargetDependency;
			target = 595ADFAD29BB6E5700651A69 /* ti6 */;
			targetProxy = 595ADFC529BB6E5A00651A69 /* PBXContainerItemProxy */;
		};
		595ADFD029BB6E5A00651A69 /* PBXTargetDependency */ = {
			isa = PBXTargetDependency;
			target = 595ADFAD29BB6E5700651A69 /* ti6 */;
			targetProxy = 595ADFCF29BB6E5A00651A69 /* PBXContainerItemProxy */;
		};
/* End PBXTargetDependency section */

/* Begin PBXVariantGroup section */
		595ADFBC29BB6E5A00651A69 /* LaunchScreen.storyboard */ = {
			isa = PBXVariantGroup;
			children = (
				595ADFBD29BB6E5A00651A69 /* Base */,
			);
			name = LaunchScreen.storyboard;
			sourceTree = "<group>";
		};
/* End PBXVariantGroup section */

/* Begin XCBuildConfiguration section */
		595ADFD629BB6E5A00651A69 /* Debug */ = {
			isa = XCBuildConfiguration;
			buildSettings = {
				ALWAYS_SEARCH_USER_PATHS = NO;
				CLANG_ANALYZER_NONNULL = YES;
				CLANG_ANALYZER_NUMBER_OBJECT_CONVERSION = YES_AGGRESSIVE;
				CLANG_CXX_LANGUAGE_STANDARD = "gnu++20";
				CLANG_ENABLE_MODULES = YES;
				CLANG_ENABLE_OBJC_ARC = YES;
				CLANG_ENABLE_OBJC_WEAK = YES;
				CLANG_WARN_BLOCK_CAPTURE_AUTORELEASING = YES;
				CLANG_WARN_BOOL_CONVERSION = YES;
				CLANG_WARN_COMMA = YES;
				CLANG_WARN_CONSTANT_CONVERSION = YES;
				CLANG_WARN_DEPRECATED_OBJC_IMPLEMENTATIONS = YES;
				CLANG_WARN_DIRECT_OBJC_ISA_USAGE = YES_ERROR;
				CLANG_WARN_DOCUMENTATION_COMMENTS = YES;
				CLANG_WARN_EMPTY_BODY = YES;
				CLANG_WARN_ENUM_CONVERSION = YES;
				CLANG_WARN_INFINITE_RECURSION = YES;
				CLANG_WARN_INT_CONVERSION = YES;
				CLANG_WARN_NON_LITERAL_NULL_CONVERSION = YES;
				CLANG_WARN_OBJC_IMPLICIT_RETAIN_SELF = YES;
				CLANG_WARN_OBJC_LITERAL_CONVERSION = YES;
				CLANG_WARN_OBJC_ROOT_CLASS = YES_ERROR;
				CLANG_WARN_QUOTED_INCLUDE_IN_FRAMEWORK_HEADER = YES;
				CLANG_WARN_RANGE_LOOP_ANALYSIS = YES;
				CLANG_WARN_STRICT_PROTOTYPES = YES;
				CLANG_WARN_SUSPICIOUS_MOVE = YES;
				CLANG_WARN_UNGUARDED_AVAILABILITY = YES_AGGRESSIVE;
				CLANG_WARN_UNREACHABLE_CODE = YES;
				CLANG_WARN__DUPLICATE_METHOD_MATCH = YES;
				COPY_PHASE_STRIP = NO;
				DEBUG_INFORMATION_FORMAT = dwarf;
				ENABLE_STRICT_OBJC_MSGSEND = YES;
				ENABLE_TESTABILITY = YES;
				GCC_C_LANGUAGE_STANDARD = gnu11;
				GCC_DYNAMIC_NO_PIC = NO;
				GCC_NO_COMMON_BLOCKS = YES;
				GCC_OPTIMIZATION_LEVEL = 0;
				GCC_PREPROCESSOR_DEFINITIONS = (
					"DEBUG=1",
					"$(inherited)",
				);
				GCC_WARN_64_TO_32_BIT_CONVERSION = YES;
				GCC_WARN_ABOUT_RETURN_TYPE = YES_ERROR;
				GCC_WARN_UNDECLARED_SELECTOR = YES;
				GCC_WARN_UNINITIALIZED_AUTOS = YES_AGGRESSIVE;
				GCC_WARN_UNUSED_FUNCTION = YES;
				GCC_WARN_UNUSED_VARIABLE = YES;
				IPHONEOS_DEPLOYMENT_TARGET = 16.0;
				MTL_ENABLE_DEBUG_INFO = INCLUDE_SOURCE;
				MTL_FAST_MATH = YES;
				ONLY_ACTIVE_ARCH = YES;
				SDKROOT = iphoneos;
				SWIFT_ACTIVE_COMPILATION_CONDITIONS = DEBUG;
				SWIFT_OPTIMIZATION_LEVEL = "-Onone";
			};
			name = Debug;
		};
		595ADFD729BB6E5A00651A69 /* Release */ = {
			isa = XCBuildConfiguration;
			buildSettings = {
				ALWAYS_SEARCH_USER_PATHS = NO;
				CLANG_ANALYZER_NONNULL = YES;
				CLANG_ANALYZER_NUMBER_OBJECT_CONVERSION = YES_AGGRESSIVE;
				CLANG_CXX_LANGUAGE_STANDARD = "gnu++20";
				CLANG_ENABLE_MODULES = YES;
				CLANG_ENABLE_OBJC_ARC = YES;
				CLANG_ENABLE_OBJC_WEAK = YES;
				CLANG_WARN_BLOCK_CAPTURE_AUTORELEASING = YES;
				CLANG_WARN_BOOL_CONVERSION = YES;
				CLANG_WARN_COMMA = YES;
				CLANG_WARN_CONSTANT_CONVERSION = YES;
				CLANG_WARN_DEPRECATED_OBJC_IMPLEMENTATIONS = YES;
				CLANG_WARN_DIRECT_OBJC_ISA_USAGE = YES_ERROR;
				CLANG_WARN_DOCUMENTATION_COMMENTS = YES;
				CLANG_WARN_EMPTY_BODY = YES;
				CLANG_WARN_ENUM_CONVERSION = YES;
				CLANG_WARN_INFINITE_RECURSION = YES;
				CLANG_WARN_INT_CONVERSION = YES;
				CLANG_WARN_NON_LITERAL_NULL_CONVERSION = YES;
				CLANG_WARN_OBJC_IMPLICIT_RETAIN_SELF = YES;
				CLANG_WARN_OBJC_LITERAL_CONVERSION = YES;
				CLANG_WARN_OBJC_ROOT_CLASS = YES_ERROR;
				CLANG_WARN_QUOTED_INCLUDE_IN_FRAMEWORK_HEADER = YES;
				CLANG_WARN_RANGE_LOOP_ANALYSIS = YES;
				CLANG_WARN_STRICT_PROTOTYPES = YES;
				CLANG_WARN_SUSPICIOUS_MOVE = YES;
				CLANG_WARN_UNGUARDED_AVAILABILITY = YES_AGGRESSIVE;
				CLANG_WARN_UNREACHABLE_CODE = YES;
				CLANG_WARN__DUPLICATE_METHOD_MATCH = YES;
				COPY_PHASE_STRIP = NO;
				DEBUG_INFORMATION_FORMAT = "dwarf-with-dsym";
				ENABLE_NS_ASSERTIONS = NO;
				ENABLE_STRICT_OBJC_MSGSEND = YES;
				GCC_C_LANGUAGE_STANDARD = gnu11;
				GCC_NO_COMMON_BLOCKS = YES;
				GCC_WARN_64_TO_32_BIT_CONVERSION = YES;
				GCC_WARN_ABOUT_RETURN_TYPE = YES_ERROR;
				GCC_WARN_UNDECLARED_SELECTOR = YES;
				GCC_WARN_UNINITIALIZED_AUTOS = YES_AGGRESSIVE;
				GCC_WARN_UNUSED_FUNCTION = YES;
				GCC_WARN_UNUSED_VARIABLE = YES;
				IPHONEOS_DEPLOYMENT_TARGET = 16.0;
				MTL_ENABLE_DEBUG_INFO = NO;
				MTL_FAST_MATH = YES;
				SDKROOT = iphoneos;
				SWIFT_COMPILATION_MODE = wholemodule;
				SWIFT_OPTIMIZATION_LEVEL = "-O";
				VALIDATE_PRODUCT = YES;
			};
			name = Release;
		};
		595ADFD929BB6E5A00651A69 /* Debug */ = {
			isa = XCBuildConfiguration;
			buildSettings = {
				ASSETCATALOG_COMPILER_APPICON_NAME = AppIcon;
				ASSETCATALOG_COMPILER_GLOBAL_ACCENT_COLOR_NAME = AccentColor;
				CODE_SIGN_STYLE = Automatic;
				CURRENT_PROJECT_VERSION = 1;
				DEVELOPMENT_TEAM = 4ACT552AKH;
				GENERATE_INFOPLIST_FILE = YES;
				INFOPLIST_FILE = ti6/Info.plist;
				INFOPLIST_KEY_CFBundleDisplayName = ti6;
				INFOPLIST_KEY_UIApplicationSupportsIndirectInputEvents = YES;
				INFOPLIST_KEY_UILaunchStoryboardName = LaunchScreen;
				INFOPLIST_KEY_UISupportedInterfaceOrientations_iPad = "UIInterfaceOrientationPortrait UIInterfaceOrientationPortraitUpsideDown UIInterfaceOrientationLandscapeLeft UIInterfaceOrientationLandscapeRight";
				INFOPLIST_KEY_UISupportedInterfaceOrientations_iPhone = "UIInterfaceOrientationPortrait UIInterfaceOrientationLandscapeLeft UIInterfaceOrientationLandscapeRight";
				IPHONEOS_DEPLOYMENT_TARGET = 13.0;
				LD_RUNPATH_SEARCH_PATHS = (
					"$(inherited)",
					"@executable_path/Frameworks",
				);
				MARKETING_VERSION = 1.0;
				PRODUCT_BUNDLE_IDENTIFIER = ti6;
				PRODUCT_NAME = "$(TARGET_NAME)";
				SWIFT_EMIT_LOC_STRINGS = YES;
				SWIFT_VERSION = 5.0;
				TARGETED_DEVICE_FAMILY = "1,2";
			};
			name = Debug;
		};
		595ADFDA29BB6E5A00651A69 /* Release */ = {
			isa = XCBuildConfiguration;
			buildSettings = {
				ASSETCATALOG_COMPILER_APPICON_NAME = AppIcon;
				ASSETCATALOG_COMPILER_GLOBAL_ACCENT_COLOR_NAME = AccentColor;
				CODE_SIGN_STYLE = Automatic;
				CURRENT_PROJECT_VERSION = 1;
				DEVELOPMENT_TEAM = 4ACT552AKH;
				GENERATE_INFOPLIST_FILE = YES;
				INFOPLIST_FILE = ti6/Info.plist;
				INFOPLIST_KEY_CFBundleDisplayName = ti6;
				INFOPLIST_KEY_UIApplicationSupportsIndirectInputEvents = YES;
				INFOPLIST_KEY_UILaunchStoryboardName = LaunchScreen;
				INFOPLIST_KEY_UISupportedInterfaceOrientations_iPad = "UIInterfaceOrientationPortrait UIInterfaceOrientationPortraitUpsideDown UIInterfaceOrientationLandscapeLeft UIInterfaceOrientationLandscapeRight";
				INFOPLIST_KEY_UISupportedInterfaceOrientations_iPhone = "UIInterfaceOrientationPortrait UIInterfaceOrientationLandscapeLeft UIInterfaceOrientationLandscapeRight";
				IPHONEOS_DEPLOYMENT_TARGET = 13.0;
				LD_RUNPATH_SEARCH_PATHS = (
					"$(inherited)",
					"@executable_path/Frameworks",
				);
				MARKETING_VERSION = 1.0;
				PRODUCT_BUNDLE_IDENTIFIER = ti6;
				PRODUCT_NAME = "$(TARGET_NAME)";
				SWIFT_EMIT_LOC_STRINGS = YES;
				SWIFT_VERSION = 5.0;
				TARGETED_DEVICE_FAMILY = "1,2";
			};
			name = Release;
		};
		595ADFDC29BB6E5A00651A69 /* Debug */ = {
			isa = XCBuildConfiguration;
			buildSettings = {
				ALWAYS_EMBED_SWIFT_STANDARD_LIBRARIES = YES;
				BUNDLE_LOADER = "$(TEST_HOST)";
				CODE_SIGN_STYLE = Automatic;
				CURRENT_PROJECT_VERSION = 1;
				DEVELOPMENT_TEAM = 4ACT552AKH;
				GENERATE_INFOPLIST_FILE = YES;
				IPHONEOS_DEPLOYMENT_TARGET = 16.0;
				MARKETING_VERSION = 1.0;
				PRODUCT_BUNDLE_IDENTIFIER = com.larissa.ti6Tests;
				PRODUCT_NAME = "$(TARGET_NAME)";
				SWIFT_EMIT_LOC_STRINGS = NO;
				SWIFT_VERSION = 5.0;
				TARGETED_DEVICE_FAMILY = "1,2";
				TEST_HOST = "$(BUILT_PRODUCTS_DIR)/ti6.app/$(BUNDLE_EXECUTABLE_FOLDER_PATH)/ti6";
			};
			name = Debug;
		};
		595ADFDD29BB6E5A00651A69 /* Release */ = {
			isa = XCBuildConfiguration;
			buildSettings = {
				ALWAYS_EMBED_SWIFT_STANDARD_LIBRARIES = YES;
				BUNDLE_LOADER = "$(TEST_HOST)";
				CODE_SIGN_STYLE = Automatic;
				CURRENT_PROJECT_VERSION = 1;
				DEVELOPMENT_TEAM = 4ACT552AKH;
				GENERATE_INFOPLIST_FILE = YES;
				IPHONEOS_DEPLOYMENT_TARGET = 16.0;
				MARKETING_VERSION = 1.0;
				PRODUCT_BUNDLE_IDENTIFIER = com.larissa.ti6Tests;
				PRODUCT_NAME = "$(TARGET_NAME)";
				SWIFT_EMIT_LOC_STRINGS = NO;
				SWIFT_VERSION = 5.0;
				TARGETED_DEVICE_FAMILY = "1,2";
				TEST_HOST = "$(BUILT_PRODUCTS_DIR)/ti6.app/$(BUNDLE_EXECUTABLE_FOLDER_PATH)/ti6";
			};
			name = Release;
		};
		595ADFDF29BB6E5A00651A69 /* Debug */ = {
			isa = XCBuildConfiguration;
			buildSettings = {
				ALWAYS_EMBED_SWIFT_STANDARD_LIBRARIES = YES;
				CODE_SIGN_STYLE = Automatic;
				CURRENT_PROJECT_VERSION = 1;
				DEVELOPMENT_TEAM = 4ACT552AKH;
				GENERATE_INFOPLIST_FILE = YES;
				MARKETING_VERSION = 1.0;
				PRODUCT_BUNDLE_IDENTIFIER = com.larissa.ti6UITests;
				PRODUCT_NAME = "$(TARGET_NAME)";
				SWIFT_EMIT_LOC_STRINGS = NO;
				SWIFT_VERSION = 5.0;
				TARGETED_DEVICE_FAMILY = "1,2";
				TEST_TARGET_NAME = ti6;
			};
			name = Debug;
		};
		595ADFE029BB6E5A00651A69 /* Release */ = {
			isa = XCBuildConfiguration;
			buildSettings = {
				ALWAYS_EMBED_SWIFT_STANDARD_LIBRARIES = YES;
				CODE_SIGN_STYLE = Automatic;
				CURRENT_PROJECT_VERSION = 1;
				DEVELOPMENT_TEAM = 4ACT552AKH;
				GENERATE_INFOPLIST_FILE = YES;
				MARKETING_VERSION = 1.0;
				PRODUCT_BUNDLE_IDENTIFIER = com.larissa.ti6UITests;
				PRODUCT_NAME = "$(TARGET_NAME)";
				SWIFT_EMIT_LOC_STRINGS = NO;
				SWIFT_VERSION = 5.0;
				TARGETED_DEVICE_FAMILY = "1,2";
				TEST_TARGET_NAME = ti6;
			};
			name = Release;
		};
/* End XCBuildConfiguration section */

/* Begin XCConfigurationList section */
		595ADFA929BB6E5700651A69 /* Build configuration list for PBXProject "ti6" */ = {
			isa = XCConfigurationList;
			buildConfigurations = (
				595ADFD629BB6E5A00651A69 /* Debug */,
				595ADFD729BB6E5A00651A69 /* Release */,
			);
			defaultConfigurationIsVisible = 0;
			defaultConfigurationName = Release;
		};
		595ADFD829BB6E5A00651A69 /* Build configuration list for PBXNativeTarget "ti6" */ = {
			isa = XCConfigurationList;
			buildConfigurations = (
				595ADFD929BB6E5A00651A69 /* Debug */,
				595ADFDA29BB6E5A00651A69 /* Release */,
			);
			defaultConfigurationIsVisible = 0;
			defaultConfigurationName = Release;
		};
		595ADFDB29BB6E5A00651A69 /* Build configuration list for PBXNativeTarget "ti6Tests" */ = {
			isa = XCConfigurationList;
			buildConfigurations = (
				595ADFDC29BB6E5A00651A69 /* Debug */,
				595ADFDD29BB6E5A00651A69 /* Release */,
			);
			defaultConfigurationIsVisible = 0;
			defaultConfigurationName = Release;
		};
		595ADFDE29BB6E5A00651A69 /* Build configuration list for PBXNativeTarget "ti6UITests" */ = {
			isa = XCConfigurationList;
			buildConfigurations = (
				595ADFDF29BB6E5A00651A69 /* Debug */,
				595ADFE029BB6E5A00651A69 /* Release */,
			);
			defaultConfigurationIsVisible = 0;
			defaultConfigurationName = Release;
		};
/* End XCConfigurationList section */
	};
	rootObject = 595ADFA629BB6E5700651A69 /* Project object */;
}
